
Microsoft Visual Studio Solution File, Format Version 12.00
# Visual Studio Version 16
VisualStudioVersion = 16.0.29920.165
MinimumVisualStudioVersion = 10.0.40219.1
Project("{E53339B2-1760-4266-BCC7-CA923CBCF16C}") = "docker-compose", "docker-compose.dcproj", "{F289B407-067D-4888-9196-0FD6CDD216F9}"
EndProject
Project("{2150E333-8FDC-42A3-9474-1A3956D46DE8}") = "Solution Items", "Solution Items", "{C1F27A26-11E1-4384-A468-F1DCFB459728}"
	ProjectSection(SolutionItems) = preProject
		Dockerfile = Dockerfile
	EndProjectSection
EndProject
Project("{9A19103F-16F7-4668-BE54-9A1E7A4F7556}") = "App", "App\App.csproj", "{93576ADF-9389-48A8-935F-2DF276FC3057}"
EndProject
Global
	GlobalSection(SolutionConfigurationPlatforms) = preSolution
		Debug|Any CPU = Debug|Any CPU
		Release|Any CPU = Release|Any CPU
	EndGlobalSection
	GlobalSection(ProjectConfigurationPlatforms) = postSolution
		{F289B407-067D-4888-9196-0FD6CDD216F9}.Debug|Any CPU.ActiveCfg = Debug|Any CPU
		{F289B407-067D-4888-9196-0FD6CDD216F9}.Debug|Any CPU.Build.0 = Debug|Any CPU
		{F289B407-067D-4888-9196-0FD6CDD216F9}.Release|Any CPU.ActiveCfg = Release|Any CPU
		{F289B407-067D-4888-9196-0FD6CDD216F9}.Release|Any CPU.Build.0 = Release|Any CPU
		{93576ADF-9389-48A8-935F-2DF276FC3057}.Debug|Any CPU.ActiveCfg = Debug|Any CPU
		{93576ADF-9389-48A8-935F-2DF276FC3057}.Debug|Any CPU.Build.0 = Debug|Any CPU
		{93576ADF-9389-48A8-935F-2DF276FC3057}.Release|Any CPU.ActiveCfg = Release|Any CPU
		{93576ADF-9389-48A8-935F-2DF276FC3057}.Release|Any CPU.Build.0 = Release|Any CPU
	EndGlobalSection
	GlobalSection(SolutionProperties) = preSolution
		HideSolutionNode = FALSE
	EndGlobalSection
	GlobalSection(ExtensibilityGlobals) = postSolution
		SolutionGuid = {E43FD1CB-7F7C-44AB-9E2E-06637FB5E0ED}
	EndGlobalSection
EndGlobal
